// !$*UTF8*$!
{
	archiveVersion = 1;
	classes = {
	};
	objectVersion = 56;
	objects = {

/* Begin PBXBuildFile section */
		B580E1AB2B81B0A0000C76C5 /* pomoworkApp.swift in Sources */ = {isa = PBXBuildFile; fileRef = B580E1AA2B81B0A0000C76C5 /* pomoworkApp.swift */; };
		B580E1AD2B81B0A0000C76C5 /* ContentView.swift in Sources */ = {isa = PBXBuildFile; fileRef = B580E1AC2B81B0A0000C76C5 /* ContentView.swift */; };
		B580E1AF2B81B0A1000C76C5 /* Assets.xcassets in Resources */ = {isa = PBXBuildFile; fileRef = B580E1AE2B81B0A1000C76C5 /* Assets.xcassets */; };
		B580E1B22B81B0A1000C76C5 /* Preview Assets.xcassets in Resources */ = {isa = PBXBuildFile; fileRef = B580E1B12B81B0A1000C76C5 /* Preview Assets.xcassets */; };
		B580E1BC2B81B0A1000C76C5 /* pomoworkTests.swift in Sources */ = {isa = PBXBuildFile; fileRef = B580E1BB2B81B0A1000C76C5 /* pomoworkTests.swift */; };
		B580E1C62B81B0A1000C76C5 /* pomoworkUITests.swift in Sources */ = {isa = PBXBuildFile; fileRef = B580E1C52B81B0A1000C76C5 /* pomoworkUITests.swift */; };
		B580E1C82B81B0A1000C76C5 /* pomoworkUITestsLaunchTests.swift in Sources */ = {isa = PBXBuildFile; fileRef = B580E1C72B81B0A1000C76C5 /* pomoworkUITestsLaunchTests.swift */; };
/* End PBXBuildFile section */

/* Begin PBXContainerItemProxy section */
		B580E1B82B81B0A1000C76C5 /* PBXContainerItemProxy */ = {
			isa = PBXContainerItemProxy;
			containerPortal = B580E19F2B81B0A0000C76C5 /* Project object */;
			proxyType = 1;
			remoteGlobalIDString = B580E1A62B81B0A0000C76C5;
			remoteInfo = pomowork;
		};
		B580E1C22B81B0A1000C76C5 /* PBXContainerItemProxy */ = {
			isa = PBXContainerItemProxy;
			containerPortal = B580E19F2B81B0A0000C76C5 /* Project object */;
			proxyType = 1;
			remoteGlobalIDString = B580E1A62B81B0A0000C76C5;
			remoteInfo = pomowork;
		};
/* End PBXContainerItemProxy section */

/* Begin PBXFileReference section */
		B580E1A72B81B0A0000C76C5 /* pomowork.app */ = {isa = PBXFileReference; explicitFileType = wrapper.application; includeInIndex = 0; path = pomowork.app; sourceTree = BUILT_PRODUCTS_DIR; };
		B580E1AA2B81B0A0000C76C5 /* pomoworkApp.swift */ = {isa = PBXFileReference; lastKnownFileType = sourcecode.swift; path = pomoworkApp.swift; sourceTree = "<group>"; };
		B580E1AC2B81B0A0000C76C5 /* ContentView.swift */ = {isa = PBXFileReference; lastKnownFileType = sourcecode.swift; path = ContentView.swift; sourceTree = "<group>"; };
		B580E1AE2B81B0A1000C76C5 /* Assets.xcassets */ = {isa = PBXFileReference; lastKnownFileType = folder.assetcatalog; path = Assets.xcassets; sourceTree = "<group>"; };
		B580E1B12B81B0A1000C76C5 /* Preview Assets.xcassets */ = {isa = PBXFileReference; lastKnownFileType = folder.assetcatalog; path = "Preview Assets.xcassets"; sourceTree = "<group>"; };
		B580E1B72B81B0A1000C76C5 /* pomoworkTests.xctest */ = {isa = PBXFileReference; explicitFileType = wrapper.cfbundle; includeInIndex = 0; path = pomoworkTests.xctest; sourceTree = BUILT_PRODUCTS_DIR; };
		B580E1BB2B81B0A1000C76C5 /* pomoworkTests.swift */ = {isa = PBXFileReference; lastKnownFileType = sourcecode.swift; path = pomoworkTests.swift; sourceTree = "<group>"; };
		B580E1C12B81B0A1000C76C5 /* pomoworkUITests.xctest */ = {isa = PBXFileReference; explicitFileType = wrapper.cfbundle; includeInIndex = 0; path = pomoworkUITests.xctest; sourceTree = BUILT_PRODUCTS_DIR; };
		B580E1C52B81B0A1000C76C5 /* pomoworkUITests.swift */ = {isa = PBXFileReference; lastKnownFileType = sourcecode.swift; path = pomoworkUITests.swift; sourceTree = "<group>"; };
		B580E1C72B81B0A1000C76C5 /* pomoworkUITestsLaunchTests.swift */ = {isa = PBXFileReference; lastKnownFileType = sourcecode.swift; path = pomoworkUITestsLaunchTests.swift; sourceTree = "<group>"; };
/* End PBXFileReference section */

/* Begin PBXFrameworksBuildPhase section */
		B580E1A42B81B0A0000C76C5 /* Frameworks */ = {
			isa = PBXFrameworksBuildPhase;
			buildActionMask = 2147483647;
			files = (
			);
			runOnlyForDeploymentPostprocessing = 0;
		};
		B580E1B42B81B0A1000C76C5 /* Frameworks */ = {
			isa = PBXFrameworksBuildPhase;
			buildActionMask = 2147483647;
			files = (
			);
			runOnlyForDeploymentPostprocessing = 0;
		};
		B580E1BE2B81B0A1000C76C5 /* Frameworks */ = {
			isa = PBXFrameworksBuildPhase;
			buildActionMask = 2147483647;
			files = (
			);
			runOnlyForDeploymentPostprocessing = 0;
		};
/* End PBXFrameworksBuildPhase section */

/* Begin PBXGroup section */
		B580E19E2B81B0A0000C76C5 = {
			isa = PBXGroup;
			children = (
				B580E1A92B81B0A0000C76C5 /* pomowork */,
				B580E1BA2B81B0A1000C76C5 /* pomoworkTests */,
				B580E1C42B81B0A1000C76C5 /* pomoworkUITests */,
				B580E1A82B81B0A0000C76C5 /* Products */,
			);
			sourceTree = "<group>";
		};
		B580E1A82B81B0A0000C76C5 /* Products */ = {
			isa = PBXGroup;
			children = (
				B580E1A72B81B0A0000C76C5 /* pomowork.app */,
				B580E1B72B81B0A1000C76C5 /* pomoworkTests.xctest */,
				B580E1C12B81B0A1000C76C5 /* pomoworkUITests.xctest */,
			);
			name = Products;
			sourceTree = "<group>";
		};
		B580E1A92B81B0A0000C76C5 /* pomowork */ = {
			isa = PBXGroup;
			children = (
				B580E1AA2B81B0A0000C76C5 /* pomoworkApp.swift */,
				B580E1AC2B81B0A0000C76C5 /* ContentView.swift */,
				B580E1AE2B81B0A1000C76C5 /* Assets.xcassets */,
				B580E1B02B81B0A1000C76C5 /* Preview Content */,
			);
			path = pomowork;
			sourceTree = "<group>";
		};
		B580E1B02B81B0A1000C76C5 /* Preview Content */ = {
			isa = PBXGroup;
			children = (
				B580E1B12B81B0A1000C76C5 /* Preview Assets.xcassets */,
			);
			path = "Preview Content";
			sourceTree = "<group>";
		};
		B580E1BA2B81B0A1000C76C5 /* pomoworkTests */ = {
			isa = PBXGroup;
			children = (
				B580E1BB2B81B0A1000C76C5 /* pomoworkTests.swift */,
			);
			path = pomoworkTests;
			sourceTree = "<group>";
		};
		B580E1C42B81B0A1000C76C5 /* pomoworkUITests */ = {
			isa = PBXGroup;
			children = (
				B580E1C52B81B0A1000C76C5 /* pomoworkUITests.swift */,
				B580E1C72B81B0A1000C76C5 /* pomoworkUITestsLaunchTests.swift */,
			);
			path = pomoworkUITests;
			sourceTree = "<group>";
		};
/* End PBXGroup section */

/* Begin PBXNativeTarget section */
		B580E1A62B81B0A0000C76C5 /* pomowork */ = {
			isa = PBXNativeTarget;
			buildConfigurationList = B580E1CB2B81B0A1000C76C5 /* Build configuration list for PBXNativeTarget "pomowork" */;
			buildPhases = (
				B580E1A32B81B0A0000C76C5 /* Sources */,
				B580E1A42B81B0A0000C76C5 /* Frameworks */,
				B580E1A52B81B0A0000C76C5 /* Resources */,
			);
			buildRules = (
			);
			dependencies = (
			);
			name = pomowork;
			productName = pomowork;
			productReference = B580E1A72B81B0A0000C76C5 /* pomowork.app */;
			productType = "com.apple.product-type.application";
		};
		B580E1B62B81B0A1000C76C5 /* pomoworkTests */ = {
			isa = PBXNativeTarget;
			buildConfigurationList = B580E1CE2B81B0A1000C76C5 /* Build configuration list for PBXNativeTarget "pomoworkTests" */;
			buildPhases = (
				B580E1B32B81B0A1000C76C5 /* Sources */,
				B580E1B42B81B0A1000C76C5 /* Frameworks */,
				B580E1B52B81B0A1000C76C5 /* Resources */,
			);
			buildRules = (
			);
			dependencies = (
				B580E1B92B81B0A1000C76C5 /* PBXTargetDependency */,
			);
			name = pomoworkTests;
			productName = pomoworkTests;
			productReference = B580E1B72B81B0A1000C76C5 /* pomoworkTests.xctest */;
			productType = "com.apple.product-type.bundle.unit-test";
		};
		B580E1C02B81B0A1000C76C5 /* pomoworkUITests */ = {
			isa = PBXNativeTarget;
			buildConfigurationList = B580E1D12B81B0A1000C76C5 /* Build configuration list for PBXNativeTarget "pomoworkUITests" */;
			buildPhases = (
				B580E1BD2B81B0A1000C76C5 /* Sources */,
				B580E1BE2B81B0A1000C76C5 /* Frameworks */,
				B580E1BF2B81B0A1000C76C5 /* Resources */,
			);
			buildRules = (
			);
			dependencies = (
				B580E1C32B81B0A1000C76C5 /* PBXTargetDependency */,
			);
			name = pomoworkUITests;
			productName = pomoworkUITests;
			productReference = B580E1C12B81B0A1000C76C5 /* pomoworkUITests.xctest */;
			productType = "com.apple.product-type.bundle.ui-testing";
		};
/* End PBXNativeTarget section */

/* Begin PBXProject section */
		B580E19F2B81B0A0000C76C5 /* Project object */ = {
			isa = PBXProject;
			attributes = {
				BuildIndependentTargetsInParallel = 1;
				LastSwiftUpdateCheck = 1520;
				LastUpgradeCheck = 1520;
				TargetAttributes = {
					B580E1A62B81B0A0000C76C5 = {
						CreatedOnToolsVersion = 15.2;
					};
					B580E1B62B81B0A1000C76C5 = {
						CreatedOnToolsVersion = 15.2;
						TestTargetID = B580E1A62B81B0A0000C76C5;
					};
					B580E1C02B81B0A1000C76C5 = {
						CreatedOnToolsVersion = 15.2;
						TestTargetID = B580E1A62B81B0A0000C76C5;
					};
				};
			};
			buildConfigurationList = B580E1A22B81B0A0000C76C5 /* Build configuration list for PBXProject "pomowork" */;
			compatibilityVersion = "Xcode 14.0";
			developmentRegion = en;
			hasScannedForEncodings = 0;
			knownRegions = (
				en,
				Base,
			);
			mainGroup = B580E19E2B81B0A0000C76C5;
			productRefGroup = B580E1A82B81B0A0000C76C5 /* Products */;
			projectDirPath = "";
			projectRoot = "";
			targets = (
				B580E1A62B81B0A0000C76C5 /* pomowork */,
				B580E1B62B81B0A1000C76C5 /* pomoworkTests */,
				B580E1C02B81B0A1000C76C5 /* pomoworkUITests */,
			);
		};
/* End PBXProject section */

/* Begin PBXResourcesBuildPhase section */
		B580E1A52B81B0A0000C76C5 /* Resources */ = {
			isa = PBXResourcesBuildPhase;
			buildActionMask = 2147483647;
			files = (
				B580E1B22B81B0A1000C76C5 /* Preview Assets.xcassets in Resources */,
				B580E1AF2B81B0A1000C76C5 /* Assets.xcassets in Resources */,
			);
			runOnlyForDeploymentPostprocessing = 0;
		};
		B580E1B52B81B0A1000C76C5 /* Resources */ = {
			isa = PBXResourcesBuildPhase;
			buildActionMask = 2147483647;
			files = (
			);
			runOnlyForDeploymentPostprocessing = 0;
		};
		B580E1BF2B81B0A1000C76C5 /* Resources */ = {
			isa = PBXResourcesBuildPhase;
			buildActionMask = 2147483647;
			files = (
			);
			runOnlyForDeploymentPostprocessing = 0;
		};
/* End PBXResourcesBuildPhase section */

/* Begin PBXSourcesBuildPhase section */
		B580E1A32B81B0A0000C76C5 /* Sources */ = {
			isa = PBXSourcesBuildPhase;
			buildActionMask = 2147483647;
			files = (
				B580E1AD2B81B0A0000C76C5 /* ContentView.swift in Sources */,
				B580E1AB2B81B0A0000C76C5 /* pomoworkApp.swift in Sources */,
			);
			runOnlyForDeploymentPostprocessing = 0;
		};
		B580E1B32B81B0A1000C76C5 /* Sources */ = {
			isa = PBXSourcesBuildPhase;
			buildActionMask = 2147483647;
			files = (
				B580E1BC2B81B0A1000C76C5 /* pomoworkTests.swift in Sources */,
			);
			runOnlyForDeploymentPostprocessing = 0;
		};
		B580E1BD2B81B0A1000C76C5 /* Sources */ = {
			isa = PBXSourcesBuildPhase;
			buildActionMask = 2147483647;
			files = (
				B580E1C82B81B0A1000C76C5 /* pomoworkUITestsLaunchTests.swift in Sources */,
				B580E1C62B81B0A1000C76C5 /* pomoworkUITests.swift in Sources */,
			);
			runOnlyForDeploymentPostprocessing = 0;
		};
/* End PBXSourcesBuildPhase section */

/* Begin PBXTargetDependency section */
		B580E1B92B81B0A1000C76C5 /* PBXTargetDependency */ = {
			isa = PBXTargetDependency;
			target = B580E1A62B81B0A0000C76C5 /* pomowork */;
			targetProxy = B580E1B82B81B0A1000C76C5 /* PBXContainerItemProxy */;
		};
		B580E1C32B81B0A1000C76C5 /* PBXTargetDependency */ = {
			isa = PBXTargetDependency;
			target = B580E1A62B81B0A0000C76C5 /* pomowork */;
			targetProxy = B580E1C22B81B0A1000C76C5 /* PBXContainerItemProxy */;
		};
/* End PBXTargetDependency section */

/* Begin XCBuildConfiguration section */
		B580E1C92B81B0A1000C76C5 /* Debug */ = {
			isa = XCBuildConfiguration;
			buildSettings = {
				ALWAYS_SEARCH_USER_PATHS = NO;
				ASSETCATALOG_COMPILER_GENERATE_SWIFT_ASSET_SYMBOL_EXTENSIONS = YES;
				CLANG_ANALYZER_NONNULL = YES;
				CLANG_ANALYZER_NUMBER_OBJECT_CONVERSION = YES_AGGRESSIVE;
				CLANG_CXX_LANGUAGE_STANDARD = "gnu++20";
				CLANG_ENABLE_MODULES = YES;
				CLANG_ENABLE_OBJC_ARC = YES;
				CLANG_ENABLE_OBJC_WEAK = YES;
				CLANG_WARN_BLOCK_CAPTURE_AUTORELEASING = YES;
				CLANG_WARN_BOOL_CONVERSION = YES;
				CLANG_WARN_COMMA = YES;
				CLANG_WARN_CONSTANT_CONVERSION = YES;
				CLANG_WARN_DEPRECATED_OBJC_IMPLEMENTATIONS = YES;
				CLANG_WARN_DIRECT_OBJC_ISA_USAGE = YES_ERROR;
				CLANG_WARN_DOCUMENTATION_COMMENTS = YES;
				CLANG_WARN_EMPTY_BODY = YES;
				CLANG_WARN_ENUM_CONVERSION = YES;
				CLANG_WARN_INFINITE_RECURSION = YES;
				CLANG_WARN_INT_CONVERSION = YES;
				CLANG_WARN_NON_LITERAL_NULL_CONVERSION = YES;
				CLANG_WARN_OBJC_IMPLICIT_RETAIN_SELF = YES;
				CLANG_WARN_OBJC_LITERAL_CONVERSION = YES;
				CLANG_WARN_OBJC_ROOT_CLASS = YES_ERROR;
				CLANG_WARN_QUOTED_INCLUDE_IN_FRAMEWORK_HEADER = YES;
				CLANG_WARN_RANGE_LOOP_ANALYSIS = YES;
				CLANG_WARN_STRICT_PROTOTYPES = YES;
				CLANG_WARN_SUSPICIOUS_MOVE = YES;
				CLANG_WARN_UNGUARDED_AVAILABILITY = YES_AGGRESSIVE;
				CLANG_WARN_UNREACHABLE_CODE = YES;
				CLANG_WARN__DUPLICATE_METHOD_MATCH = YES;
				COPY_PHASE_STRIP = NO;
				DEBUG_INFORMATION_FORMAT = dwarf;
				ENABLE_STRICT_OBJC_MSGSEND = YES;
				ENABLE_TESTABILITY = YES;
				ENABLE_USER_SCRIPT_SANDBOXING = YES;
				GCC_C_LANGUAGE_STANDARD = gnu17;
				GCC_DYNAMIC_NO_PIC = NO;
				GCC_NO_COMMON_BLOCKS = YES;
				GCC_OPTIMIZATION_LEVEL = 0;
				GCC_PREPROCESSOR_DEFINITIONS = (
					"DEBUG=1",
					"$(inherited)",
				);
				GCC_WARN_64_TO_32_BIT_CONVERSION = YES;
				GCC_WARN_ABOUT_RETURN_TYPE = YES_ERROR;
				GCC_WARN_UNDECLARED_SELECTOR = YES;
				GCC_WARN_UNINITIALIZED_AUTOS = YES_AGGRESSIVE;
				GCC_WARN_UNUSED_FUNCTION = YES;
				GCC_WARN_UNUSED_VARIABLE = YES;
				IPHONEOS_DEPLOYMENT_TARGET = 17.2;
				LOCALIZATION_PREFERS_STRING_CATALOGS = YES;
				MTL_ENABLE_DEBUG_INFO = INCLUDE_SOURCE;
				MTL_FAST_MATH = YES;
				ONLY_ACTIVE_ARCH = YES;
				SDKROOT = iphoneos;
				SWIFT_ACTIVE_COMPILATION_CONDITIONS = "DEBUG $(inherited)";
				SWIFT_OPTIMIZATION_LEVEL = "-Onone";
			};
			name = Debug;
		};
		B580E1CA2B81B0A1000C76C5 /* Release */ = {
			isa = XCBuildConfiguration;
			buildSettings = {
				ALWAYS_SEARCH_USER_PATHS = NO;
				ASSETCATALOG_COMPILER_GENERATE_SWIFT_ASSET_SYMBOL_EXTENSIONS = YES;
				CLANG_ANALYZER_NONNULL = YES;
				CLANG_ANALYZER_NUMBER_OBJECT_CONVERSION = YES_AGGRESSIVE;
				CLANG_CXX_LANGUAGE_STANDARD = "gnu++20";
				CLANG_ENABLE_MODULES = YES;
				CLANG_ENABLE_OBJC_ARC = YES;
				CLANG_ENABLE_OBJC_WEAK = YES;
				CLANG_WARN_BLOCK_CAPTURE_AUTORELEASING = YES;
				CLANG_WARN_BOOL_CONVERSION = YES;
				CLANG_WARN_COMMA = YES;
				CLANG_WARN_CONSTANT_CONVERSION = YES;
				CLANG_WARN_DEPRECATED_OBJC_IMPLEMENTATIONS = YES;
				CLANG_WARN_DIRECT_OBJC_ISA_USAGE = YES_ERROR;
				CLANG_WARN_DOCUMENTATION_COMMENTS = YES;
				CLANG_WARN_EMPTY_BODY = YES;
				CLANG_WARN_ENUM_CONVERSION = YES;
				CLANG_WARN_INFINITE_RECURSION = YES;
				CLANG_WARN_INT_CONVERSION = YES;
				CLANG_WARN_NON_LITERAL_NULL_CONVERSION = YES;
				CLANG_WARN_OBJC_IMPLICIT_RETAIN_SELF = YES;
				CLANG_WARN_OBJC_LITERAL_CONVERSION = YES;
				CLANG_WARN_OBJC_ROOT_CLASS = YES_ERROR;
				CLANG_WARN_QUOTED_INCLUDE_IN_FRAMEWORK_HEADER = YES;
				CLANG_WARN_RANGE_LOOP_ANALYSIS = YES;
				CLANG_WARN_STRICT_PROTOTYPES = YES;
				CLANG_WARN_SUSPICIOUS_MOVE = YES;
				CLANG_WARN_UNGUARDED_AVAILABILITY = YES_AGGRESSIVE;
				CLANG_WARN_UNREACHABLE_CODE = YES;
				CLANG_WARN__DUPLICATE_METHOD_MATCH = YES;
				COPY_PHASE_STRIP = NO;
				DEBUG_INFORMATION_FORMAT = "dwarf-with-dsym";
				ENABLE_NS_ASSERTIONS = NO;
				ENABLE_STRICT_OBJC_MSGSEND = YES;
				ENABLE_USER_SCRIPT_SANDBOXING = YES;
				GCC_C_LANGUAGE_STANDARD = gnu17;
				GCC_NO_COMMON_BLOCKS = YES;
				GCC_WARN_64_TO_32_BIT_CONVERSION = YES;
				GCC_WARN_ABOUT_RETURN_TYPE = YES_ERROR;
				GCC_WARN_UNDECLARED_SELECTOR = YES;
				GCC_WARN_UNINITIALIZED_AUTOS = YES_AGGRESSIVE;
				GCC_WARN_UNUSED_FUNCTION = YES;
				GCC_WARN_UNUSED_VARIABLE = YES;
				IPHONEOS_DEPLOYMENT_TARGET = 17.2;
				LOCALIZATION_PREFERS_STRING_CATALOGS = YES;
				MTL_ENABLE_DEBUG_INFO = NO;
				MTL_FAST_MATH = YES;
				SDKROOT = iphoneos;
				SWIFT_COMPILATION_MODE = wholemodule;
				VALIDATE_PRODUCT = YES;
			};
			name = Release;
		};
		B580E1CC2B81B0A1000C76C5 /* Debug */ = {
			isa = XCBuildConfiguration;
			buildSettings = {
				ASSETCATALOG_COMPILER_APPICON_NAME = AppIcon;
				ASSETCATALOG_COMPILER_GLOBAL_ACCENT_COLOR_NAME = AccentColor;
				CODE_SIGN_STYLE = Automatic;
				CURRENT_PROJECT_VERSION = 1;
				DEVELOPMENT_ASSET_PATHS = "\"pomowork/Preview Content\"";
				ENABLE_PREVIEWS = YES;
				GENERATE_INFOPLIST_FILE = YES;
				INFOPLIST_KEY_UIApplicationSceneManifest_Generation = YES;
				INFOPLIST_KEY_UIApplicationSupportsIndirectInputEvents = YES;
				INFOPLIST_KEY_UILaunchScreen_Generation = YES;
				INFOPLIST_KEY_UISupportedInterfaceOrientations_iPad = "UIInterfaceOrientationPortrait UIInterfaceOrientationPortraitUpsideDown UIInterfaceOrientationLandscapeLeft UIInterfaceOrientationLandscapeRight";
				INFOPLIST_KEY_UISupportedInterfaceOrientations_iPhone = "UIInterfaceOrientationPortrait UIInterfaceOrientationLandscapeLeft UIInterfaceOrientationLandscapeRight";
				LD_RUNPATH_SEARCH_PATHS = (
					"$(inherited)",
					"@executable_path/Frameworks",
				);
				MARKETING_VERSION = 1.0;
				PRODUCT_BUNDLE_IDENTIFIER = example.pomowork;
				PRODUCT_NAME = "$(TARGET_NAME)";
				SWIFT_EMIT_LOC_STRINGS = YES;
				SWIFT_VERSION = 5.0;
				TARGETED_DEVICE_FAMILY = "1,2";
			};
			name = Debug;
		};
		B580E1CD2B81B0A1000C76C5 /* Release */ = {
			isa = XCBuildConfiguration;
			buildSettings = {
				ASSETCATALOG_COMPILER_APPICON_NAME = AppIcon;
				ASSETCATALOG_COMPILER_GLOBAL_ACCENT_COLOR_NAME = AccentColor;
				CODE_SIGN_STYLE = Automatic;
				CURRENT_PROJECT_VERSION = 1;
				DEVELOPMENT_ASSET_PATHS = "\"pomowork/Preview Content\"";
				ENABLE_PREVIEWS = YES;
				GENERATE_INFOPLIST_FILE = YES;
				INFOPLIST_KEY_UIApplicationSceneManifest_Generation = YES;
				INFOPLIST_KEY_UIApplicationSupportsIndirectInputEvents = YES;
				INFOPLIST_KEY_UILaunchScreen_Generation = YES;
				INFOPLIST_KEY_UISupportedInterfaceOrientations_iPad = "UIInterfaceOrientationPortrait UIInterfaceOrientationPortraitUpsideDown UIInterfaceOrientationLandscapeLeft UIInterfaceOrientationLandscapeRight";
				INFOPLIST_KEY_UISupportedInterfaceOrientations_iPhone = "UIInterfaceOrientationPortrait UIInterfaceOrientationLandscapeLeft UIInterfaceOrientationLandscapeRight";
				LD_RUNPATH_SEARCH_PATHS = (
					"$(inherited)",
					"@executable_path/Frameworks",
				);
				MARKETING_VERSION = 1.0;
				PRODUCT_BUNDLE_IDENTIFIER = example.pomowork;
				PRODUCT_NAME = "$(TARGET_NAME)";
				SWIFT_EMIT_LOC_STRINGS = YES;
				SWIFT_VERSION = 5.0;
				TARGETED_DEVICE_FAMILY = "1,2";
			};
			name = Release;
		};
		B580E1CF2B81B0A1000C76C5 /* Debug */ = {
			isa = XCBuildConfiguration;
			buildSettings = {
				ALWAYS_EMBED_SWIFT_STANDARD_LIBRARIES = YES;
				BUNDLE_LOADER = "$(TEST_HOST)";
				CODE_SIGN_STYLE = Automatic;
				CURRENT_PROJECT_VERSION = 1;
				GENERATE_INFOPLIST_FILE = YES;
				IPHONEOS_DEPLOYMENT_TARGET = 17.2;
				MARKETING_VERSION = 1.0;
				PRODUCT_BUNDLE_IDENTIFIER = example.pomoworkTests;
				PRODUCT_NAME = "$(TARGET_NAME)";
				SWIFT_EMIT_LOC_STRINGS = NO;
				SWIFT_VERSION = 5.0;
				TARGETED_DEVICE_FAMILY = "1,2";
				TEST_HOST = "$(BUILT_PRODUCTS_DIR)/pomowork.app/$(BUNDLE_EXECUTABLE_FOLDER_PATH)/pomowork";
			};
			name = Debug;
		};
		B580E1D02B81B0A1000C76C5 /* Release */ = {
			isa = XCBuildConfiguration;
			buildSettings = {
				ALWAYS_EMBED_SWIFT_STANDARD_LIBRARIES = YES;
				BUNDLE_LOADER = "$(TEST_HOST)";
				CODE_SIGN_STYLE = Automatic;
				CURRENT_PROJECT_VERSION = 1;
				GENERATE_INFOPLIST_FILE = YES;
				IPHONEOS_DEPLOYMENT_TARGET = 17.2;
				MARKETING_VERSION = 1.0;
				PRODUCT_BUNDLE_IDENTIFIER = example.pomoworkTests;
				PRODUCT_NAME = "$(TARGET_NAME)";
				SWIFT_EMIT_LOC_STRINGS = NO;
				SWIFT_VERSION = 5.0;
				TARGETED_DEVICE_FAMILY = "1,2";
				TEST_HOST = "$(BUILT_PRODUCTS_DIR)/pomowork.app/$(BUNDLE_EXECUTABLE_FOLDER_PATH)/pomowork";
			};
			name = Release;
		};
		B580E1D22B81B0A1000C76C5 /* Debug */ = {
			isa = XCBuildConfiguration;
			buildSettings = {
				ALWAYS_EMBED_SWIFT_STANDARD_LIBRARIES = YES;
				CODE_SIGN_STYLE = Automatic;
				CURRENT_PROJECT_VERSION = 1;
				GENERATE_INFOPLIST_FILE = YES;
				MARKETING_VERSION = 1.0;
				PRODUCT_BUNDLE_IDENTIFIER = example.pomoworkUITests;
				PRODUCT_NAME = "$(TARGET_NAME)";
				SWIFT_EMIT_LOC_STRINGS = NO;
				SWIFT_VERSION = 5.0;
				TARGETED_DEVICE_FAMILY = "1,2";
				TEST_TARGET_NAME = pomowork;
			};
			name = Debug;
		};
		B580E1D32B81B0A1000C76C5 /* Release */ = {
			isa = XCBuildConfiguration;
			buildSettings = {
				ALWAYS_EMBED_SWIFT_STANDARD_LIBRARIES = YES;
				CODE_SIGN_STYLE = Automatic;
				CURRENT_PROJECT_VERSION = 1;
				GENERATE_INFOPLIST_FILE = YES;
				MARKETING_VERSION = 1.0;
				PRODUCT_BUNDLE_IDENTIFIER = example.pomoworkUITests;
				PRODUCT_NAME = "$(TARGET_NAME)";
				SWIFT_EMIT_LOC_STRINGS = NO;
				SWIFT_VERSION = 5.0;
				TARGETED_DEVICE_FAMILY = "1,2";
				TEST_TARGET_NAME = pomowork;
			};
			name = Release;
		};
/* End XCBuildConfiguration section */

/* Begin XCConfigurationList section */
		B580E1A22B81B0A0000C76C5 /* Build configuration list for PBXProject "pomowork" */ = {
			isa = XCConfigurationList;
			buildConfigurations = (
				B580E1C92B81B0A1000C76C5 /* Debug */,
				B580E1CA2B81B0A1000C76C5 /* Release */,
			);
			defaultConfigurationIsVisible = 0;
			defaultConfigurationName = Release;
		};
		B580E1CB2B81B0A1000C76C5 /* Build configuration list for PBXNativeTarget "pomowork" */ = {
			isa = XCConfigurationList;
			buildConfigurations = (
				B580E1CC2B81B0A1000C76C5 /* Debug */,
				B580E1CD2B81B0A1000C76C5 /* Release */,
			);
			defaultConfigurationIsVisible = 0;
			defaultConfigurationName = Release;
		};
		B580E1CE2B81B0A1000C76C5 /* Build configuration list for PBXNativeTarget "pomoworkTests" */ = {
			isa = XCConfigurationList;
			buildConfigurations = (
				B580E1CF2B81B0A1000C76C5 /* Debug */,
				B580E1D02B81B0A1000C76C5 /* Release */,
			);
			defaultConfigurationIsVisible = 0;
			defaultConfigurationName = Release;
		};
		B580E1D12B81B0A1000C76C5 /* Build configuration list for PBXNativeTarget "pomoworkUITests" */ = {
			isa = XCConfigurationList;
			buildConfigurations = (
				B580E1D22B81B0A1000C76C5 /* Debug */,
				B580E1D32B81B0A1000C76C5 /* Release */,
			);
			defaultConfigurationIsVisible = 0;
			defaultConfigurationName = Release;
		};
/* End XCConfigurationList section */
	};
	rootObject = B580E19F2B81B0A0000C76C5 /* Project object */;
}
